// !$*UTF8*$!
{
	archiveVersion = 1;
	classes = {
	};
	objectVersion = 52;
	objects = {

/* Begin PBXBuildFile section */
		4E290F7723DDEF34008A5E15 /* AppDelegate.swift in Sources */ = {isa = PBXBuildFile; fileRef = 4E290F7623DDEF34008A5E15 /* AppDelegate.swift */; };
		4E290F8123DDEF34008A5E15 /* Evolution_iOS.xcdatamodeld in Sources */ = {isa = PBXBuildFile; fileRef = 4E290F7F23DDEF34008A5E15 /* Evolution_iOS.xcdatamodeld */; };
		4E290F8323DDEF34008A5E15 /* Assets.xcassets in Resources */ = {isa = PBXBuildFile; fileRef = 4E290F8223DDEF34008A5E15 /* Assets.xcassets */; };
		4E290F8623DDEF34008A5E15 /* LaunchScreen.storyboard in Resources */ = {isa = PBXBuildFile; fileRef = 4E290F8423DDEF34008A5E15 /* LaunchScreen.storyboard */; };
		4E290F9123DDEF35008A5E15 /* Evolution_iOSTests.swift in Sources */ = {isa = PBXBuildFile; fileRef = 4E290F9023DDEF35008A5E15 /* Evolution_iOSTests.swift */; };
		4E290F9C23DDEF35008A5E15 /* Evolution_iOSUITests.swift in Sources */ = {isa = PBXBuildFile; fileRef = 4E290F9B23DDEF35008A5E15 /* Evolution_iOSUITests.swift */; };
		4E290FB023DDF274008A5E15 /* BaseViewController.swift in Sources */ = {isa = PBXBuildFile; fileRef = 4E290FAF23DDF274008A5E15 /* BaseViewController.swift */; };
		4E290FB223DDF28E008A5E15 /* ProposalsRustViewController.swift in Sources */ = {isa = PBXBuildFile; fileRef = 4E290FB123DDF28E008A5E15 /* ProposalsRustViewController.swift */; };
		4E290FB423DDF2A1008A5E15 /* ProposalsRust.storyboard in Resources */ = {isa = PBXBuildFile; fileRef = 4E290FB323DDF2A1008A5E15 /* ProposalsRust.storyboard */; };
		4E290FB723DDF5D2008A5E15 /* Storyboaded.swift in Sources */ = {isa = PBXBuildFile; fileRef = 4E290FB623DDF5D2008A5E15 /* Storyboaded.swift */; };
		4E290FC123DE098E008A5E15 /* BaseCoordinator.swift in Sources */ = {isa = PBXBuildFile; fileRef = 4E290FC023DE098E008A5E15 /* BaseCoordinator.swift */; };
		4E290FC423DF7B0F008A5E15 /* NavDropDown.swift in Sources */ = {isa = PBXBuildFile; fileRef = 4E290FC323DF7B0F008A5E15 /* NavDropDown.swift */; };
		4E290FC623DF7C36008A5E15 /* NavDropDown.xib in Resources */ = {isa = PBXBuildFile; fileRef = 4E290FC523DF7C36008A5E15 /* NavDropDown.xib */; };
		4E290FC923E15E0E008A5E15 /* HttpClient.swift in Sources */ = {isa = PBXBuildFile; fileRef = 4E290FC823E15E0E008A5E15 /* HttpClient.swift */; };
		4E290FCB23E15E48008A5E15 /* EvoNetworking.swift in Sources */ = {isa = PBXBuildFile; fileRef = 4E290FCA23E15E48008A5E15 /* EvoNetworking.swift */; };
		4E290FCE23E15EC9008A5E15 /* RustProposals.swift in Sources */ = {isa = PBXBuildFile; fileRef = 4E290FCD23E15EC9008A5E15 /* RustProposals.swift */; };
		4E61815723E8523B0059DEA3 /* UIColor+Extensions.swift in Sources */ = {isa = PBXBuildFile; fileRef = 4E61815623E8523B0059DEA3 /* UIColor+Extensions.swift */; };
		4E61815A23E85EB80059DEA3 /* Buttons.swift in Sources */ = {isa = PBXBuildFile; fileRef = 4E61815923E85EB80059DEA3 /* Buttons.swift */; };
		4E61815E23E9B4CA0059DEA3 /* AppCoordinator.swift in Sources */ = {isa = PBXBuildFile; fileRef = 4E61815D23E9B4CA0059DEA3 /* AppCoordinator.swift */; };
		4E61816423E9E5AA0059DEA3 /* ProposalsRustTableViewCell.swift in Sources */ = {isa = PBXBuildFile; fileRef = 4E61816323E9E5AA0059DEA3 /* ProposalsRustTableViewCell.swift */; };
		4E61816623EB43B20059DEA3 /* SwiftProposals.swift in Sources */ = {isa = PBXBuildFile; fileRef = 4E61816523EB43B20059DEA3 /* SwiftProposals.swift */; };
		4E61816823EB451B0059DEA3 /* Config.swift in Sources */ = {isa = PBXBuildFile; fileRef = 4E61816723EB451B0059DEA3 /* Config.swift */; };
		4E61816B23EB45DD0059DEA3 /* String.swift in Sources */ = {isa = PBXBuildFile; fileRef = 4E61816A23EB45DD0059DEA3 /* String.swift */; };
		4E61816E23EB46A70059DEA3 /* Protocols.swift in Sources */ = {isa = PBXBuildFile; fileRef = 4E61816D23EB46A70059DEA3 /* Protocols.swift */; };
		4E61817323EC76800059DEA3 /* ProposalsContainerViewController.swift in Sources */ = {isa = PBXBuildFile; fileRef = 4E61817223EC76800059DEA3 /* ProposalsContainerViewController.swift */; };
		4E61817523EC768B0059DEA3 /* ProposalsContainer.storyboard in Resources */ = {isa = PBXBuildFile; fileRef = 4E61817423EC768B0059DEA3 /* ProposalsContainer.storyboard */; };
		4E61817723EC77270059DEA3 /* ProposalsContainerCoordinator.swift in Sources */ = {isa = PBXBuildFile; fileRef = 4E61817623EC77270059DEA3 /* ProposalsContainerCoordinator.swift */; };
		4E61817A23EC7C9F0059DEA3 /* Containered.swift in Sources */ = {isa = PBXBuildFile; fileRef = 4E61817923EC7C9F0059DEA3 /* Containered.swift */; };
		4E61817E23EC80870059DEA3 /* ProposalsSwift.storyboard in Resources */ = {isa = PBXBuildFile; fileRef = 4E61817D23EC80870059DEA3 /* ProposalsSwift.storyboard */; };
		4E61818023EC80980059DEA3 /* ProposalsSwiftViewController.swift in Sources */ = {isa = PBXBuildFile; fileRef = 4E61817F23EC80980059DEA3 /* ProposalsSwiftViewController.swift */; };
		4E791DFF23F49C21000A8495 /* ProposalDetailCoordinator.swift in Sources */ = {isa = PBXBuildFile; fileRef = 4E791DFE23F49C21000A8495 /* ProposalDetailCoordinator.swift */; };
		4E791E0A23F5C702000A8495 /* Down in Frameworks */ = {isa = PBXBuildFile; productRef = 4E791E0923F5C702000A8495 /* Down */; };
		4E791E0E23F5CD30000A8495 /* DownView.bundle in Resources */ = {isa = PBXBuildFile; fileRef = 4E791E0D23F5CD30000A8495 /* DownView.bundle */; };
		4EA129B623F80830007210E8 /* SwiftRichString in Frameworks */ = {isa = PBXBuildFile; productRef = 4EA129B523F80830007210E8 /* SwiftRichString */; };
		4EA129B923F80D4D007210E8 /* UserDefaultsService.swift in Sources */ = {isa = PBXBuildFile; fileRef = 4EA129B823F80D4D007210E8 /* UserDefaultsService.swift */; };
		4EA129BC23F81972007210E8 /* ProposalsLanguagesCoordinator.swift in Sources */ = {isa = PBXBuildFile; fileRef = 4EA129BB23F81972007210E8 /* ProposalsLanguagesCoordinator.swift */; };
		4EA129BF23F85346007210E8 /* SettingsViewController.swift in Sources */ = {isa = PBXBuildFile; fileRef = 4EA129BE23F85346007210E8 /* SettingsViewController.swift */; };
		4EA129C123F8534D007210E8 /* Settings.storyboard in Resources */ = {isa = PBXBuildFile; fileRef = 4EA129C023F8534D007210E8 /* Settings.storyboard */; };
		4EA129C323F85362007210E8 /* SettingsCoordinator.swift in Sources */ = {isa = PBXBuildFile; fileRef = 4EA129C223F85362007210E8 /* SettingsCoordinator.swift */; };
		4EA129CC23F96815007210E8 /* Section.swift in Sources */ = {isa = PBXBuildFile; fileRef = 4EA129CB23F96815007210E8 /* Section.swift */; };
		4EA129CE23F96E07007210E8 /* CustomSubtitleTableViewCell.swift in Sources */ = {isa = PBXBuildFile; fileRef = 4EA129CD23F96E07007210E8 /* CustomSubtitleTableViewCell.swift */; };
		4EA129D023F96E17007210E8 /* CustomSubtitleTableViewCell.xib in Resources */ = {isa = PBXBuildFile; fileRef = 4EA129CF23F96E17007210E8 /* CustomSubtitleTableViewCell.xib */; };
		4EA129D223FAE4E9007210E8 /* SettingsViewModel.swift in Sources */ = {isa = PBXBuildFile; fileRef = 4EA129D123FAE4E9007210E8 /* SettingsViewModel.swift */; };
		4EA129D423FAE584007210E8 /* DynamicValue.swift in Sources */ = {isa = PBXBuildFile; fileRef = 4EA129D323FAE584007210E8 /* DynamicValue.swift */; };
		4EA129D723FB1CBF007210E8 /* AboutOpenSourceViewController.swift in Sources */ = {isa = PBXBuildFile; fileRef = 4EA129D623FB1CBF007210E8 /* AboutOpenSourceViewController.swift */; };
		4EA129D923FB1CF4007210E8 /* AboutOpenSourceData.swift in Sources */ = {isa = PBXBuildFile; fileRef = 4EA129D823FB1CF4007210E8 /* AboutOpenSourceData.swift */; };
		4EA129DB23FB1D3F007210E8 /* AboutOpenSource.storyboard in Resources */ = {isa = PBXBuildFile; fileRef = 4EA129DA23FB1D3F007210E8 /* AboutOpenSource.storyboard */; };
		4EA129DD23FB1FF6007210E8 /* AboutOpenSourceCoordinator.swift in Sources */ = {isa = PBXBuildFile; fileRef = 4EA129DC23FB1FF6007210E8 /* AboutOpenSourceCoordinator.swift */; };
		4ED8C2D123EDFF40005938AF /* ProposalsSwiftTableViewCell.swift in Sources */ = {isa = PBXBuildFile; fileRef = 4ED8C2D023EDFF40005938AF /* ProposalsSwiftTableViewCell.swift */; };
		4ED8C2D723F1965E005938AF /* URL.swift in Sources */ = {isa = PBXBuildFile; fileRef = 4ED8C2D623F1965E005938AF /* URL.swift */; };
		4ED8C2DA23F19FEF005938AF /* Implementation.swift in Sources */ = {isa = PBXBuildFile; fileRef = 4ED8C2D923F19FEF005938AF /* Implementation.swift */; };
		4ED8C2DC23F1B1DE005938AF /* Reachability.swift in Sources */ = {isa = PBXBuildFile; fileRef = 4ED8C2DB23F1B1DE005938AF /* Reachability.swift */; };
		4ED8C2DF23F1B44C005938AF /* NoConnectionViewController.swift in Sources */ = {isa = PBXBuildFile; fileRef = 4ED8C2DE23F1B44C005938AF /* NoConnectionViewController.swift */; };
		4ED8C2E323F1B4BF005938AF /* NoConnection.storyboard in Resources */ = {isa = PBXBuildFile; fileRef = 4ED8C2E223F1B4BF005938AF /* NoConnection.storyboard */; };
		4ED8C2E623F30C56005938AF /* FilterListGenericView.swift in Sources */ = {isa = PBXBuildFile; fileRef = 4ED8C2E523F30C56005938AF /* FilterListGenericView.swift */; };
		4ED8C2E823F30C99005938AF /* FilterCollectionViewCell.swift in Sources */ = {isa = PBXBuildFile; fileRef = 4ED8C2E723F30C99005938AF /* FilterCollectionViewCell.swift */; };
		4ED8C2EA23F30CD8005938AF /* UICollectionView+Ext.swift in Sources */ = {isa = PBXBuildFile; fileRef = 4ED8C2E923F30CD8005938AF /* UICollectionView+Ext.swift */; };
		4ED8C2ED23F30D0D005938AF /* DGCollectionViewLeftAlignFlowLayout.swift in Sources */ = {isa = PBXBuildFile; fileRef = 4ED8C2EC23F30D0D005938AF /* DGCollectionViewLeftAlignFlowLayout.swift */; };
		4ED8C2F023F30E7E005938AF /* FilterHeaderView.swift in Sources */ = {isa = PBXBuildFile; fileRef = 4ED8C2EF23F30E7E005938AF /* FilterHeaderView.swift */; };
		4ED8C2F223F30F33005938AF /* UIColor+Ext.swift in Sources */ = {isa = PBXBuildFile; fileRef = 4ED8C2F123F30F33005938AF /* UIColor+Ext.swift */; };
		4ED8C2F423F30FFC005938AF /* UIKit+Ext.swift in Sources */ = {isa = PBXBuildFile; fileRef = 4ED8C2F323F30FFC005938AF /* UIKit+Ext.swift */; };
		4ED8C2F623F31494005938AF /* ProposalListHeaderTableViewCell.swift in Sources */ = {isa = PBXBuildFile; fileRef = 4ED8C2F523F31494005938AF /* ProposalListHeaderTableViewCell.swift */; };
		4ED8C2F823F325B3005938AF /* SwiftProposals+Ext.swift in Sources */ = {isa = PBXBuildFile; fileRef = 4ED8C2F723F325B3005938AF /* SwiftProposals+Ext.swift */; };
		4ED8C2FA23F32B41005938AF /* Swift+Ext.swift in Sources */ = {isa = PBXBuildFile; fileRef = 4ED8C2F923F32B41005938AF /* Swift+Ext.swift */; };
		4ED8C2FC23F33DA6005938AF /* ProposalListHeaderTableViewCell.xib in Resources */ = {isa = PBXBuildFile; fileRef = 4ED8C2FB23F33DA6005938AF /* ProposalListHeaderTableViewCell.xib */; };
		4ED8C2FE23F33E28005938AF /* FilterCollectionViewCell.xib in Resources */ = {isa = PBXBuildFile; fileRef = 4ED8C2FD23F33E28005938AF /* FilterCollectionViewCell.xib */; };
		4ED8C31F23F4974A005938AF /* ProposalDetailViewController.swift in Sources */ = {isa = PBXBuildFile; fileRef = 4ED8C31E23F4974A005938AF /* ProposalDetailViewController.swift */; };
		4ED8C32223F49766005938AF /* ProposalDetail.storyboard in Resources */ = {isa = PBXBuildFile; fileRef = 4ED8C32123F49766005938AF /* ProposalDetail.storyboard */; };
/* End PBXBuildFile section */

/* Begin PBXContainerItemProxy section */
		4E290F8D23DDEF35008A5E15 /* PBXContainerItemProxy */ = {
			isa = PBXContainerItemProxy;
			containerPortal = 4E290F6B23DDEF34008A5E15 /* Project object */;
			proxyType = 1;
			remoteGlobalIDString = 4E290F7223DDEF34008A5E15;
			remoteInfo = "Evolution-iOS";
		};
		4E290F9823DDEF35008A5E15 /* PBXContainerItemProxy */ = {
			isa = PBXContainerItemProxy;
			containerPortal = 4E290F6B23DDEF34008A5E15 /* Project object */;
			proxyType = 1;
			remoteGlobalIDString = 4E290F7223DDEF34008A5E15;
			remoteInfo = "Evolution-iOS";
		};
/* End PBXContainerItemProxy section */

/* Begin PBXFileReference section */
		4E290F7323DDEF34008A5E15 /* Evolution-iOS.app */ = {isa = PBXFileReference; explicitFileType = wrapper.application; includeInIndex = 0; path = "Evolution-iOS.app"; sourceTree = BUILT_PRODUCTS_DIR; };
		4E290F7623DDEF34008A5E15 /* AppDelegate.swift */ = {isa = PBXFileReference; lastKnownFileType = sourcecode.swift; path = AppDelegate.swift; sourceTree = "<group>"; };
		4E290F8023DDEF34008A5E15 /* Evolution_iOS.xcdatamodel */ = {isa = PBXFileReference; lastKnownFileType = wrapper.xcdatamodel; path = Evolution_iOS.xcdatamodel; sourceTree = "<group>"; };
		4E290F8223DDEF34008A5E15 /* Assets.xcassets */ = {isa = PBXFileReference; lastKnownFileType = folder.assetcatalog; path = Assets.xcassets; sourceTree = "<group>"; };
		4E290F8523DDEF34008A5E15 /* Base */ = {isa = PBXFileReference; lastKnownFileType = file.storyboard; name = Base; path = Base.lproj/LaunchScreen.storyboard; sourceTree = "<group>"; };
		4E290F8723DDEF34008A5E15 /* Info.plist */ = {isa = PBXFileReference; lastKnownFileType = text.plist.xml; path = Info.plist; sourceTree = "<group>"; };
		4E290F8C23DDEF35008A5E15 /* Evolution-iOSTests.xctest */ = {isa = PBXFileReference; explicitFileType = wrapper.cfbundle; includeInIndex = 0; path = "Evolution-iOSTests.xctest"; sourceTree = BUILT_PRODUCTS_DIR; };
		4E290F9023DDEF35008A5E15 /* Evolution_iOSTests.swift */ = {isa = PBXFileReference; lastKnownFileType = sourcecode.swift; path = Evolution_iOSTests.swift; sourceTree = "<group>"; };
		4E290F9223DDEF35008A5E15 /* Info.plist */ = {isa = PBXFileReference; lastKnownFileType = text.plist.xml; path = Info.plist; sourceTree = "<group>"; };
		4E290F9723DDEF35008A5E15 /* Evolution-iOSUITests.xctest */ = {isa = PBXFileReference; explicitFileType = wrapper.cfbundle; includeInIndex = 0; path = "Evolution-iOSUITests.xctest"; sourceTree = BUILT_PRODUCTS_DIR; };
		4E290F9B23DDEF35008A5E15 /* Evolution_iOSUITests.swift */ = {isa = PBXFileReference; lastKnownFileType = sourcecode.swift; path = Evolution_iOSUITests.swift; sourceTree = "<group>"; };
		4E290F9D23DDEF35008A5E15 /* Info.plist */ = {isa = PBXFileReference; lastKnownFileType = text.plist.xml; path = Info.plist; sourceTree = "<group>"; };
		4E290FAF23DDF274008A5E15 /* BaseViewController.swift */ = {isa = PBXFileReference; lastKnownFileType = sourcecode.swift; path = BaseViewController.swift; sourceTree = "<group>"; };
		4E290FB123DDF28E008A5E15 /* ProposalsRustViewController.swift */ = {isa = PBXFileReference; lastKnownFileType = sourcecode.swift; path = ProposalsRustViewController.swift; sourceTree = "<group>"; };
		4E290FB323DDF2A1008A5E15 /* ProposalsRust.storyboard */ = {isa = PBXFileReference; lastKnownFileType = file.storyboard; path = ProposalsRust.storyboard; sourceTree = "<group>"; };
		4E290FB623DDF5D2008A5E15 /* Storyboaded.swift */ = {isa = PBXFileReference; lastKnownFileType = sourcecode.swift; path = Storyboaded.swift; sourceTree = "<group>"; };
		4E290FC023DE098E008A5E15 /* BaseCoordinator.swift */ = {isa = PBXFileReference; lastKnownFileType = sourcecode.swift; path = BaseCoordinator.swift; sourceTree = "<group>"; };
		4E290FC323DF7B0F008A5E15 /* NavDropDown.swift */ = {isa = PBXFileReference; lastKnownFileType = sourcecode.swift; path = NavDropDown.swift; sourceTree = "<group>"; };
		4E290FC523DF7C36008A5E15 /* NavDropDown.xib */ = {isa = PBXFileReference; lastKnownFileType = file.xib; path = NavDropDown.xib; sourceTree = "<group>"; };
		4E290FC823E15E0E008A5E15 /* HttpClient.swift */ = {isa = PBXFileReference; lastKnownFileType = sourcecode.swift; path = HttpClient.swift; sourceTree = "<group>"; };
		4E290FCA23E15E48008A5E15 /* EvoNetworking.swift */ = {isa = PBXFileReference; lastKnownFileType = sourcecode.swift; path = EvoNetworking.swift; sourceTree = "<group>"; };
		4E290FCD23E15EC9008A5E15 /* RustProposals.swift */ = {isa = PBXFileReference; lastKnownFileType = sourcecode.swift; path = RustProposals.swift; sourceTree = "<group>"; };
		4E61815623E8523B0059DEA3 /* UIColor+Extensions.swift */ = {isa = PBXFileReference; lastKnownFileType = sourcecode.swift; path = "UIColor+Extensions.swift"; sourceTree = "<group>"; };
		4E61815923E85EB80059DEA3 /* Buttons.swift */ = {isa = PBXFileReference; lastKnownFileType = sourcecode.swift; path = Buttons.swift; sourceTree = "<group>"; };
		4E61815D23E9B4CA0059DEA3 /* AppCoordinator.swift */ = {isa = PBXFileReference; lastKnownFileType = sourcecode.swift; path = AppCoordinator.swift; sourceTree = "<group>"; };
		4E61816323E9E5AA0059DEA3 /* ProposalsRustTableViewCell.swift */ = {isa = PBXFileReference; lastKnownFileType = sourcecode.swift; path = ProposalsRustTableViewCell.swift; sourceTree = "<group>"; };
		4E61816523EB43B20059DEA3 /* SwiftProposals.swift */ = {isa = PBXFileReference; lastKnownFileType = sourcecode.swift; path = SwiftProposals.swift; sourceTree = "<group>"; };
		4E61816723EB451B0059DEA3 /* Config.swift */ = {isa = PBXFileReference; lastKnownFileType = sourcecode.swift; path = Config.swift; sourceTree = "<group>"; };
		4E61816A23EB45DD0059DEA3 /* String.swift */ = {isa = PBXFileReference; lastKnownFileType = sourcecode.swift; path = String.swift; sourceTree = "<group>"; };
		4E61816D23EB46A70059DEA3 /* Protocols.swift */ = {isa = PBXFileReference; lastKnownFileType = sourcecode.swift; path = Protocols.swift; sourceTree = "<group>"; };
		4E61817223EC76800059DEA3 /* ProposalsContainerViewController.swift */ = {isa = PBXFileReference; lastKnownFileType = sourcecode.swift; path = ProposalsContainerViewController.swift; sourceTree = "<group>"; };
		4E61817423EC768B0059DEA3 /* ProposalsContainer.storyboard */ = {isa = PBXFileReference; lastKnownFileType = file.storyboard; path = ProposalsContainer.storyboard; sourceTree = "<group>"; };
		4E61817623EC77270059DEA3 /* ProposalsContainerCoordinator.swift */ = {isa = PBXFileReference; lastKnownFileType = sourcecode.swift; path = ProposalsContainerCoordinator.swift; sourceTree = "<group>"; };
		4E61817923EC7C9F0059DEA3 /* Containered.swift */ = {isa = PBXFileReference; lastKnownFileType = sourcecode.swift; path = Containered.swift; sourceTree = "<group>"; };
		4E61817D23EC80870059DEA3 /* ProposalsSwift.storyboard */ = {isa = PBXFileReference; lastKnownFileType = file.storyboard; path = ProposalsSwift.storyboard; sourceTree = "<group>"; };
		4E61817F23EC80980059DEA3 /* ProposalsSwiftViewController.swift */ = {isa = PBXFileReference; lastKnownFileType = sourcecode.swift; path = ProposalsSwiftViewController.swift; sourceTree = "<group>"; };
		4E791DFE23F49C21000A8495 /* ProposalDetailCoordinator.swift */ = {isa = PBXFileReference; lastKnownFileType = sourcecode.swift; path = ProposalDetailCoordinator.swift; sourceTree = "<group>"; };
		4E791E0D23F5CD30000A8495 /* DownView.bundle */ = {isa = PBXFileReference; lastKnownFileType = "wrapper.plug-in"; path = DownView.bundle; sourceTree = "<group>"; };
		4EA129B423F80827007210E8 /* SwiftRichString */ = {isa = PBXFileReference; lastKnownFileType = folder; name = SwiftRichString; path = Frameworks/SwiftRichString; sourceTree = "<group>"; };
		4EA129B823F80D4D007210E8 /* UserDefaultsService.swift */ = {isa = PBXFileReference; lastKnownFileType = sourcecode.swift; path = UserDefaultsService.swift; sourceTree = "<group>"; };
		4EA129BB23F81972007210E8 /* ProposalsLanguagesCoordinator.swift */ = {isa = PBXFileReference; lastKnownFileType = sourcecode.swift; path = ProposalsLanguagesCoordinator.swift; sourceTree = "<group>"; };
		4EA129BE23F85346007210E8 /* SettingsViewController.swift */ = {isa = PBXFileReference; lastKnownFileType = sourcecode.swift; path = SettingsViewController.swift; sourceTree = "<group>"; };
		4EA129C023F8534D007210E8 /* Settings.storyboard */ = {isa = PBXFileReference; lastKnownFileType = file.storyboard; path = Settings.storyboard; sourceTree = "<group>"; };
		4EA129C223F85362007210E8 /* SettingsCoordinator.swift */ = {isa = PBXFileReference; lastKnownFileType = sourcecode.swift; path = SettingsCoordinator.swift; sourceTree = "<group>"; };
		4EA129CB23F96815007210E8 /* Section.swift */ = {isa = PBXFileReference; lastKnownFileType = sourcecode.swift; path = Section.swift; sourceTree = "<group>"; };
		4EA129CD23F96E07007210E8 /* CustomSubtitleTableViewCell.swift */ = {isa = PBXFileReference; lastKnownFileType = sourcecode.swift; path = CustomSubtitleTableViewCell.swift; sourceTree = "<group>"; };
		4EA129CF23F96E17007210E8 /* CustomSubtitleTableViewCell.xib */ = {isa = PBXFileReference; fileEncoding = 4; lastKnownFileType = file.xib; path = CustomSubtitleTableViewCell.xib; sourceTree = "<group>"; };
		4EA129D123FAE4E9007210E8 /* SettingsViewModel.swift */ = {isa = PBXFileReference; lastKnownFileType = sourcecode.swift; path = SettingsViewModel.swift; sourceTree = "<group>"; };
		4EA129D323FAE584007210E8 /* DynamicValue.swift */ = {isa = PBXFileReference; lastKnownFileType = sourcecode.swift; path = DynamicValue.swift; sourceTree = "<group>"; };
		4EA129D623FB1CBF007210E8 /* AboutOpenSourceViewController.swift */ = {isa = PBXFileReference; lastKnownFileType = sourcecode.swift; path = AboutOpenSourceViewController.swift; sourceTree = "<group>"; };
		4EA129D823FB1CF4007210E8 /* AboutOpenSourceData.swift */ = {isa = PBXFileReference; lastKnownFileType = sourcecode.swift; path = AboutOpenSourceData.swift; sourceTree = "<group>"; };
		4EA129DA23FB1D3F007210E8 /* AboutOpenSource.storyboard */ = {isa = PBXFileReference; lastKnownFileType = file.storyboard; path = AboutOpenSource.storyboard; sourceTree = "<group>"; };
		4EA129DC23FB1FF6007210E8 /* AboutOpenSourceCoordinator.swift */ = {isa = PBXFileReference; lastKnownFileType = sourcecode.swift; path = AboutOpenSourceCoordinator.swift; sourceTree = "<group>"; };
		4ED8C2D023EDFF40005938AF /* ProposalsSwiftTableViewCell.swift */ = {isa = PBXFileReference; lastKnownFileType = sourcecode.swift; path = ProposalsSwiftTableViewCell.swift; sourceTree = "<group>"; };
		4ED8C2D623F1965E005938AF /* URL.swift */ = {isa = PBXFileReference; lastKnownFileType = sourcecode.swift; path = URL.swift; sourceTree = "<group>"; };
		4ED8C2D923F19FEF005938AF /* Implementation.swift */ = {isa = PBXFileReference; lastKnownFileType = sourcecode.swift; path = Implementation.swift; sourceTree = "<group>"; };
		4ED8C2DB23F1B1DE005938AF /* Reachability.swift */ = {isa = PBXFileReference; lastKnownFileType = sourcecode.swift; path = Reachability.swift; sourceTree = "<group>"; };
		4ED8C2DE23F1B44C005938AF /* NoConnectionViewController.swift */ = {isa = PBXFileReference; lastKnownFileType = sourcecode.swift; path = NoConnectionViewController.swift; sourceTree = "<group>"; };
		4ED8C2E223F1B4BF005938AF /* NoConnection.storyboard */ = {isa = PBXFileReference; lastKnownFileType = file.storyboard; path = NoConnection.storyboard; sourceTree = "<group>"; };
		4ED8C2E523F30C56005938AF /* FilterListGenericView.swift */ = {isa = PBXFileReference; lastKnownFileType = sourcecode.swift; path = FilterListGenericView.swift; sourceTree = "<group>"; };
		4ED8C2E723F30C99005938AF /* FilterCollectionViewCell.swift */ = {isa = PBXFileReference; lastKnownFileType = sourcecode.swift; path = FilterCollectionViewCell.swift; sourceTree = "<group>"; };
		4ED8C2E923F30CD8005938AF /* UICollectionView+Ext.swift */ = {isa = PBXFileReference; lastKnownFileType = sourcecode.swift; path = "UICollectionView+Ext.swift"; sourceTree = "<group>"; };
		4ED8C2EC23F30D0D005938AF /* DGCollectionViewLeftAlignFlowLayout.swift */ = {isa = PBXFileReference; lastKnownFileType = sourcecode.swift; path = DGCollectionViewLeftAlignFlowLayout.swift; sourceTree = "<group>"; };
		4ED8C2EF23F30E7E005938AF /* FilterHeaderView.swift */ = {isa = PBXFileReference; lastKnownFileType = sourcecode.swift; path = FilterHeaderView.swift; sourceTree = "<group>"; };
		4ED8C2F123F30F33005938AF /* UIColor+Ext.swift */ = {isa = PBXFileReference; lastKnownFileType = sourcecode.swift; path = "UIColor+Ext.swift"; sourceTree = "<group>"; };
		4ED8C2F323F30FFC005938AF /* UIKit+Ext.swift */ = {isa = PBXFileReference; lastKnownFileType = sourcecode.swift; path = "UIKit+Ext.swift"; sourceTree = "<group>"; };
		4ED8C2F523F31494005938AF /* ProposalListHeaderTableViewCell.swift */ = {isa = PBXFileReference; lastKnownFileType = sourcecode.swift; path = ProposalListHeaderTableViewCell.swift; sourceTree = "<group>"; };
		4ED8C2F723F325B3005938AF /* SwiftProposals+Ext.swift */ = {isa = PBXFileReference; lastKnownFileType = sourcecode.swift; path = "SwiftProposals+Ext.swift"; sourceTree = "<group>"; };
		4ED8C2F923F32B41005938AF /* Swift+Ext.swift */ = {isa = PBXFileReference; lastKnownFileType = sourcecode.swift; path = "Swift+Ext.swift"; sourceTree = "<group>"; };
		4ED8C2FB23F33DA6005938AF /* ProposalListHeaderTableViewCell.xib */ = {isa = PBXFileReference; fileEncoding = 4; lastKnownFileType = file.xib; path = ProposalListHeaderTableViewCell.xib; sourceTree = "<group>"; };
		4ED8C2FD23F33E28005938AF /* FilterCollectionViewCell.xib */ = {isa = PBXFileReference; fileEncoding = 4; lastKnownFileType = file.xib; path = FilterCollectionViewCell.xib; sourceTree = "<group>"; };
		4ED8C31E23F4974A005938AF /* ProposalDetailViewController.swift */ = {isa = PBXFileReference; lastKnownFileType = sourcecode.swift; path = ProposalDetailViewController.swift; sourceTree = "<group>"; };
		4ED8C32123F49766005938AF /* ProposalDetail.storyboard */ = {isa = PBXFileReference; lastKnownFileType = file.storyboard; path = ProposalDetail.storyboard; sourceTree = "<group>"; };
/* End PBXFileReference section */

/* Begin PBXFrameworksBuildPhase section */
		4E290F7023DDEF34008A5E15 /* Frameworks */ = {
			isa = PBXFrameworksBuildPhase;
			buildActionMask = 2147483647;
			files = (
				4E791E0A23F5C702000A8495 /* Down in Frameworks */,
				4EA129B623F80830007210E8 /* SwiftRichString in Frameworks */,
			);
			runOnlyForDeploymentPostprocessing = 0;
		};
		4E290F8923DDEF35008A5E15 /* Frameworks */ = {
			isa = PBXFrameworksBuildPhase;
			buildActionMask = 2147483647;
			files = (
			);
			runOnlyForDeploymentPostprocessing = 0;
		};
		4E290F9423DDEF35008A5E15 /* Frameworks */ = {
			isa = PBXFrameworksBuildPhase;
			buildActionMask = 2147483647;
			files = (
			);
			runOnlyForDeploymentPostprocessing = 0;
		};
/* End PBXFrameworksBuildPhase section */

/* Begin PBXGroup section */
		4E290F6A23DDEF34008A5E15 = {
			isa = PBXGroup;
			children = (
				4E290F7523DDEF34008A5E15 /* Evolution-iOS */,
				4E290F8F23DDEF35008A5E15 /* Evolution-iOSTests */,
				4E290F9A23DDEF35008A5E15 /* Evolution-iOSUITests */,
				4E290F7423DDEF34008A5E15 /* Products */,
				4E791E0C23F5CD24000A8495 /* Resources */,
				4EA129B123F80715007210E8 /* Frameworks */,
			);
			sourceTree = "<group>";
		};
		4E290F7423DDEF34008A5E15 /* Products */ = {
			isa = PBXGroup;
			children = (
				4E290F7323DDEF34008A5E15 /* Evolution-iOS.app */,
				4E290F8C23DDEF35008A5E15 /* Evolution-iOSTests.xctest */,
				4E290F9723DDEF35008A5E15 /* Evolution-iOSUITests.xctest */,
			);
			name = Products;
			sourceTree = "<group>";
		};
		4E290F7523DDEF34008A5E15 /* Evolution-iOS */ = {
			isa = PBXGroup;
			children = (
				4E290F7623DDEF34008A5E15 /* AppDelegate.swift */,
				4E61815D23E9B4CA0059DEA3 /* AppCoordinator.swift */,
				4E290FAB23DDF21A008A5E15 /* Features */,
				4E290FAD23DDF252008A5E15 /* Base */,
				4E290FB823DDFEEA008A5E15 /* CustomViews */,
				4EA129B723F80D21007210E8 /* Services */,
				4E290FB523DDF5A2008A5E15 /* Utils */,
				4E290FA923DDEF4C008A5E15 /* Supporting */,
			);
			path = "Evolution-iOS";
			sourceTree = "<group>";
		};
		4E290F8F23DDEF35008A5E15 /* Evolution-iOSTests */ = {
			isa = PBXGroup;
			children = (
				4E290F9023DDEF35008A5E15 /* Evolution_iOSTests.swift */,
				4E290F9223DDEF35008A5E15 /* Info.plist */,
			);
			path = "Evolution-iOSTests";
			sourceTree = "<group>";
		};
		4E290F9A23DDEF35008A5E15 /* Evolution-iOSUITests */ = {
			isa = PBXGroup;
			children = (
				4E290F9B23DDEF35008A5E15 /* Evolution_iOSUITests.swift */,
				4E290F9D23DDEF35008A5E15 /* Info.plist */,
			);
			path = "Evolution-iOSUITests";
			sourceTree = "<group>";
		};
		4E290FA923DDEF4C008A5E15 /* Supporting */ = {
			isa = PBXGroup;
			children = (
				4E290F8223DDEF34008A5E15 /* Assets.xcassets */,
				4E290F8423DDEF34008A5E15 /* LaunchScreen.storyboard */,
				4E290F8723DDEF34008A5E15 /* Info.plist */,
				4E290F7F23DDEF34008A5E15 /* Evolution_iOS.xcdatamodeld */,
			);
			path = Supporting;
			sourceTree = "<group>";
		};
		4E290FAB23DDF21A008A5E15 /* Features */ = {
			isa = PBXGroup;
			children = (
				4EA129D523FB1CB0007210E8 /* AboutOpenSource */,
				4ED8C32023F49756005938AF /* ProposalDetail */,
				4EA129BD23F85337007210E8 /* Settings */,
				4ED8C2DD23F1B425005938AF /* NoConnection */,
				4E61817123EC76550059DEA3 /* ProposalsContainer */,
				4EA129BA23F81921007210E8 /* ProposalsLanguages */,
			);
			path = Features;
			sourceTree = "<group>";
		};
		4E290FAD23DDF252008A5E15 /* Base */ = {
			isa = PBXGroup;
			children = (
				4E290FAF23DDF274008A5E15 /* BaseViewController.swift */,
				4E290FC023DE098E008A5E15 /* BaseCoordinator.swift */,
				4EA129D323FAE584007210E8 /* DynamicValue.swift */,
			);
			path = Base;
			sourceTree = "<group>";
		};
		4E290FB523DDF5A2008A5E15 /* Utils */ = {
			isa = PBXGroup;
			children = (
				4E61817823EC7C870059DEA3 /* Protocols */,
				4E61816923EB45D10059DEA3 /* Extensions */,
				4E290FCC23E15EAB008A5E15 /* Models */,
				4E290FC723E15D21008A5E15 /* Networking */,
				4E290FB623DDF5D2008A5E15 /* Storyboaded.swift */,
				4E61815623E8523B0059DEA3 /* UIColor+Extensions.swift */,
			);
			path = Utils;
			sourceTree = "<group>";
		};
		4E290FB823DDFEEA008A5E15 /* CustomViews */ = {
			isa = PBXGroup;
			children = (
				4ED8C2EB23F30D03005938AF /* vendor */,
				4E61815823E85EA30059DEA3 /* designables */,
			);
			path = CustomViews;
			sourceTree = "<group>";
		};
		4E290FC223DF7AFE008A5E15 /* NavDropDownView */ = {
			isa = PBXGroup;
			children = (
				4E290FC323DF7B0F008A5E15 /* NavDropDown.swift */,
				4E290FC523DF7C36008A5E15 /* NavDropDown.xib */,
			);
			path = NavDropDownView;
			sourceTree = "<group>";
		};
		4E290FC723E15D21008A5E15 /* Networking */ = {
			isa = PBXGroup;
			children = (
				4E290FC823E15E0E008A5E15 /* HttpClient.swift */,
				4E290FCA23E15E48008A5E15 /* EvoNetworking.swift */,
				4ED8C2DB23F1B1DE005938AF /* Reachability.swift */,
			);
			path = Networking;
			sourceTree = "<group>";
		};
		4E290FCC23E15EAB008A5E15 /* Models */ = {
			isa = PBXGroup;
			children = (
				4E290FCD23E15EC9008A5E15 /* RustProposals.swift */,
				4E61816523EB43B20059DEA3 /* SwiftProposals.swift */,
				4ED8C2F723F325B3005938AF /* SwiftProposals+Ext.swift */,
				4E61816723EB451B0059DEA3 /* Config.swift */,
				4EA129CB23F96815007210E8 /* Section.swift */,
			);
			path = Models;
			sourceTree = "<group>";
		};
		4E61815823E85EA30059DEA3 /* designables */ = {
			isa = PBXGroup;
			children = (
				4E290FC223DF7AFE008A5E15 /* NavDropDownView */,
				4E61815923E85EB80059DEA3 /* Buttons.swift */,
			);
			path = designables;
			sourceTree = "<group>";
		};
		4E61816223E9E5910059DEA3 /* Cells */ = {
			isa = PBXGroup;
			children = (
				4E61816323E9E5AA0059DEA3 /* ProposalsRustTableViewCell.swift */,
			);
			path = Cells;
			sourceTree = "<group>";
		};
		4E61816923EB45D10059DEA3 /* Extensions */ = {
			isa = PBXGroup;
			children = (
				4E61816A23EB45DD0059DEA3 /* String.swift */,
				4ED8C2D623F1965E005938AF /* URL.swift */,
				4ED8C2D923F19FEF005938AF /* Implementation.swift */,
				4ED8C2E923F30CD8005938AF /* UICollectionView+Ext.swift */,
				4ED8C2F123F30F33005938AF /* UIColor+Ext.swift */,
				4ED8C2F323F30FFC005938AF /* UIKit+Ext.swift */,
				4ED8C2F923F32B41005938AF /* Swift+Ext.swift */,
			);
			path = Extensions;
			sourceTree = "<group>";
		};
		4E61816F23EC75AD0059DEA3 /* ProposalsRust */ = {
			isa = PBXGroup;
			children = (
				4E61816223E9E5910059DEA3 /* Cells */,
				4E290FB123DDF28E008A5E15 /* ProposalsRustViewController.swift */,
				4E290FB323DDF2A1008A5E15 /* ProposalsRust.storyboard */,
			);
			path = ProposalsRust;
			sourceTree = "<group>";
		};
		4E61817023EC75B50059DEA3 /* ProposalsSwift */ = {
			isa = PBXGroup;
			children = (
				4ED8C2EE23F30E60005938AF /* FilterHeaderView */,
				4ED8C2CF23EDFF1B005938AF /* Cells */,
				4E61817F23EC80980059DEA3 /* ProposalsSwiftViewController.swift */,
				4E61817D23EC80870059DEA3 /* ProposalsSwift.storyboard */,
			);
			path = ProposalsSwift;
			sourceTree = "<group>";
		};
		4E61817123EC76550059DEA3 /* ProposalsContainer */ = {
			isa = PBXGroup;
			children = (
				4E61817223EC76800059DEA3 /* ProposalsContainerViewController.swift */,
				4E61817423EC768B0059DEA3 /* ProposalsContainer.storyboard */,
				4E61817623EC77270059DEA3 /* ProposalsContainerCoordinator.swift */,
			);
			path = ProposalsContainer;
			sourceTree = "<group>";
		};
		4E61817823EC7C870059DEA3 /* Protocols */ = {
			isa = PBXGroup;
			children = (
				4E61816D23EB46A70059DEA3 /* Protocols.swift */,
				4E61817923EC7C9F0059DEA3 /* Containered.swift */,
			);
			path = Protocols;
			sourceTree = "<group>";
		};
		4E791E0C23F5CD24000A8495 /* Resources */ = {
			isa = PBXGroup;
			children = (
				4E791E0D23F5CD30000A8495 /* DownView.bundle */,
			);
			path = Resources;
			sourceTree = "<group>";
		};
		4EA129B123F80715007210E8 /* Frameworks */ = {
			isa = PBXGroup;
			children = (
				4EA129B423F80827007210E8 /* SwiftRichString */,
			);
			name = Frameworks;
			sourceTree = "<group>";
		};
		4EA129B723F80D21007210E8 /* Services */ = {
			isa = PBXGroup;
			children = (
				4EA129B823F80D4D007210E8 /* UserDefaultsService.swift */,
			);
			path = Services;
			sourceTree = "<group>";
		};
		4EA129BA23F81921007210E8 /* ProposalsLanguages */ = {
			isa = PBXGroup;
			children = (
				4EA129BB23F81972007210E8 /* ProposalsLanguagesCoordinator.swift */,
				4E61817023EC75B50059DEA3 /* ProposalsSwift */,
				4E61816F23EC75AD0059DEA3 /* ProposalsRust */,
			);
			path = ProposalsLanguages;
			sourceTree = "<group>";
		};
		4EA129BD23F85337007210E8 /* Settings */ = {
			isa = PBXGroup;
			children = (
				4EA129C423F85E2C007210E8 /* Cells */,
				4EA129BE23F85346007210E8 /* SettingsViewController.swift */,
				4EA129D123FAE4E9007210E8 /* SettingsViewModel.swift */,
				4EA129C023F8534D007210E8 /* Settings.storyboard */,
				4EA129C223F85362007210E8 /* SettingsCoordinator.swift */,
			);
			path = Settings;
			sourceTree = "<group>";
		};
		4EA129C423F85E2C007210E8 /* Cells */ = {
			isa = PBXGroup;
			children = (
				4EA129CD23F96E07007210E8 /* CustomSubtitleTableViewCell.swift */,
				4EA129CF23F96E17007210E8 /* CustomSubtitleTableViewCell.xib */,
			);
			path = Cells;
			sourceTree = "<group>";
		};
		4EA129D523FB1CB0007210E8 /* AboutOpenSource */ = {
			isa = PBXGroup;
			children = (
				4EA129D623FB1CBF007210E8 /* AboutOpenSourceViewController.swift */,
				4EA129DA23FB1D3F007210E8 /* AboutOpenSource.storyboard */,
				4EA129D823FB1CF4007210E8 /* AboutOpenSourceData.swift */,
				4EA129DC23FB1FF6007210E8 /* AboutOpenSourceCoordinator.swift */,
			);
			path = AboutOpenSource;
			sourceTree = "<group>";
		};
		4ED8C2CF23EDFF1B005938AF /* Cells */ = {
			isa = PBXGroup;
			children = (
				4ED8C2D023EDFF40005938AF /* ProposalsSwiftTableViewCell.swift */,
				4ED8C2F523F31494005938AF /* ProposalListHeaderTableViewCell.swift */,
				4ED8C2FB23F33DA6005938AF /* ProposalListHeaderTableViewCell.xib */,
				4ED8C2FD23F33E28005938AF /* FilterCollectionViewCell.xib */,
			);
			path = Cells;
			sourceTree = "<group>";
		};
		4ED8C2DD23F1B425005938AF /* NoConnection */ = {
			isa = PBXGroup;
			children = (
				4ED8C2DE23F1B44C005938AF /* NoConnectionViewController.swift */,
				4ED8C2E223F1B4BF005938AF /* NoConnection.storyboard */,
			);
			path = NoConnection;
			sourceTree = "<group>";
		};
		4ED8C2EB23F30D03005938AF /* vendor */ = {
			isa = PBXGroup;
			children = (
				4ED8C2EC23F30D0D005938AF /* DGCollectionViewLeftAlignFlowLayout.swift */,
			);
			path = vendor;
			sourceTree = "<group>";
		};
		4ED8C2EE23F30E60005938AF /* FilterHeaderView */ = {
			isa = PBXGroup;
			children = (
				4ED8C2E523F30C56005938AF /* FilterListGenericView.swift */,
				4ED8C2E723F30C99005938AF /* FilterCollectionViewCell.swift */,
				4ED8C2EF23F30E7E005938AF /* FilterHeaderView.swift */,
			);
			path = FilterHeaderView;
			sourceTree = "<group>";
		};
		4ED8C32023F49756005938AF /* ProposalDetail */ = {
			isa = PBXGroup;
			children = (
				4ED8C31E23F4974A005938AF /* ProposalDetailViewController.swift */,
				4ED8C32123F49766005938AF /* ProposalDetail.storyboard */,
				4E791DFE23F49C21000A8495 /* ProposalDetailCoordinator.swift */,
			);
			path = ProposalDetail;
			sourceTree = "<group>";
		};
/* End PBXGroup section */

/* Begin PBXNativeTarget section */
		4E290F7223DDEF34008A5E15 /* Evolution-iOS */ = {
			isa = PBXNativeTarget;
			buildConfigurationList = 4E290FA023DDEF35008A5E15 /* Build configuration list for PBXNativeTarget "Evolution-iOS" */;
			buildPhases = (
				4E290F6F23DDEF34008A5E15 /* Sources */,
				4E290F7023DDEF34008A5E15 /* Frameworks */,
				4E290F7123DDEF34008A5E15 /* Resources */,
			);
			buildRules = (
			);
			dependencies = (
			);
			name = "Evolution-iOS";
			packageProductDependencies = (
				4E791E0923F5C702000A8495 /* Down */,
				4EA129B523F80830007210E8 /* SwiftRichString */,
			);
			productName = "Evolution-iOS";
			productReference = 4E290F7323DDEF34008A5E15 /* Evolution-iOS.app */;
			productType = "com.apple.product-type.application";
		};
		4E290F8B23DDEF35008A5E15 /* Evolution-iOSTests */ = {
			isa = PBXNativeTarget;
			buildConfigurationList = 4E290FA323DDEF35008A5E15 /* Build configuration list for PBXNativeTarget "Evolution-iOSTests" */;
			buildPhases = (
				4E290F8823DDEF35008A5E15 /* Sources */,
				4E290F8923DDEF35008A5E15 /* Frameworks */,
				4E290F8A23DDEF35008A5E15 /* Resources */,
			);
			buildRules = (
			);
			dependencies = (
				4E290F8E23DDEF35008A5E15 /* PBXTargetDependency */,
			);
			name = "Evolution-iOSTests";
			productName = "Evolution-iOSTests";
			productReference = 4E290F8C23DDEF35008A5E15 /* Evolution-iOSTests.xctest */;
			productType = "com.apple.product-type.bundle.unit-test";
		};
		4E290F9623DDEF35008A5E15 /* Evolution-iOSUITests */ = {
			isa = PBXNativeTarget;
			buildConfigurationList = 4E290FA623DDEF35008A5E15 /* Build configuration list for PBXNativeTarget "Evolution-iOSUITests" */;
			buildPhases = (
				4E290F9323DDEF35008A5E15 /* Sources */,
				4E290F9423DDEF35008A5E15 /* Frameworks */,
				4E290F9523DDEF35008A5E15 /* Resources */,
			);
			buildRules = (
			);
			dependencies = (
				4E290F9923DDEF35008A5E15 /* PBXTargetDependency */,
			);
			name = "Evolution-iOSUITests";
			productName = "Evolution-iOSUITests";
			productReference = 4E290F9723DDEF35008A5E15 /* Evolution-iOSUITests.xctest */;
			productType = "com.apple.product-type.bundle.ui-testing";
		};
/* End PBXNativeTarget section */

/* Begin PBXProject section */
		4E290F6B23DDEF34008A5E15 /* Project object */ = {
			isa = PBXProject;
			attributes = {
				LastSwiftUpdateCheck = 1130;
				LastUpgradeCheck = 1130;
				ORGANIZATIONNAME = "Anton Kuzmin";
				TargetAttributes = {
					4E290F7223DDEF34008A5E15 = {
						CreatedOnToolsVersion = 11.3.1;
					};
					4E290F8B23DDEF35008A5E15 = {
						CreatedOnToolsVersion = 11.3.1;
						TestTargetID = 4E290F7223DDEF34008A5E15;
					};
					4E290F9623DDEF35008A5E15 = {
						CreatedOnToolsVersion = 11.3.1;
						TestTargetID = 4E290F7223DDEF34008A5E15;
					};
				};
			};
			buildConfigurationList = 4E290F6E23DDEF34008A5E15 /* Build configuration list for PBXProject "Evolution-iOS" */;
			compatibilityVersion = "Xcode 9.3";
			developmentRegion = en;
			hasScannedForEncodings = 0;
			knownRegions = (
				en,
				Base,
			);
			mainGroup = 4E290F6A23DDEF34008A5E15;
			packageReferences = (
				4E791E0823F5C702000A8495 /* XCRemoteSwiftPackageReference "Down" */,
			);
			productRefGroup = 4E290F7423DDEF34008A5E15 /* Products */;
			projectDirPath = "";
			projectRoot = "";
			targets = (
				4E290F7223DDEF34008A5E15 /* Evolution-iOS */,
				4E290F8B23DDEF35008A5E15 /* Evolution-iOSTests */,
				4E290F9623DDEF35008A5E15 /* Evolution-iOSUITests */,
			);
		};
/* End PBXProject section */

/* Begin PBXResourcesBuildPhase section */
		4E290F7123DDEF34008A5E15 /* Resources */ = {
			isa = PBXResourcesBuildPhase;
			buildActionMask = 2147483647;
			files = (
				4E61817E23EC80870059DEA3 /* ProposalsSwift.storyboard in Resources */,
				4ED8C32223F49766005938AF /* ProposalDetail.storyboard in Resources */,
				4E791E0E23F5CD30000A8495 /* DownView.bundle in Resources */,
				4EA129C123F8534D007210E8 /* Settings.storyboard in Resources */,
				4E290F8623DDEF34008A5E15 /* LaunchScreen.storyboard in Resources */,
				4E290F8323DDEF34008A5E15 /* Assets.xcassets in Resources */,
				4E290FC623DF7C36008A5E15 /* NavDropDown.xib in Resources */,
				4EA129DB23FB1D3F007210E8 /* AboutOpenSource.storyboard in Resources */,
				4ED8C2FE23F33E28005938AF /* FilterCollectionViewCell.xib in Resources */,
				4ED8C2FC23F33DA6005938AF /* ProposalListHeaderTableViewCell.xib in Resources */,
				4E290FB423DDF2A1008A5E15 /* ProposalsRust.storyboard in Resources */,
				4ED8C2E323F1B4BF005938AF /* NoConnection.storyboard in Resources */,
				4EA129D023F96E17007210E8 /* CustomSubtitleTableViewCell.xib in Resources */,
				4E61817523EC768B0059DEA3 /* ProposalsContainer.storyboard in Resources */,
			);
			runOnlyForDeploymentPostprocessing = 0;
		};
		4E290F8A23DDEF35008A5E15 /* Resources */ = {
			isa = PBXResourcesBuildPhase;
			buildActionMask = 2147483647;
			files = (
			);
			runOnlyForDeploymentPostprocessing = 0;
		};
		4E290F9523DDEF35008A5E15 /* Resources */ = {
			isa = PBXResourcesBuildPhase;
			buildActionMask = 2147483647;
			files = (
			);
			runOnlyForDeploymentPostprocessing = 0;
		};
/* End PBXResourcesBuildPhase section */

/* Begin PBXSourcesBuildPhase section */
		4E290F6F23DDEF34008A5E15 /* Sources */ = {
			isa = PBXSourcesBuildPhase;
			buildActionMask = 2147483647;
			files = (
				4E290FC123DE098E008A5E15 /* BaseCoordinator.swift in Sources */,
				4EA129D223FAE4E9007210E8 /* SettingsViewModel.swift in Sources */,
				4E290FB723DDF5D2008A5E15 /* Storyboaded.swift in Sources */,
				4EA129CE23F96E07007210E8 /* CustomSubtitleTableViewCell.swift in Sources */,
				4E290FB023DDF274008A5E15 /* BaseViewController.swift in Sources */,
				4ED8C31F23F4974A005938AF /* ProposalDetailViewController.swift in Sources */,
				4ED8C2ED23F30D0D005938AF /* DGCollectionViewLeftAlignFlowLayout.swift in Sources */,
				4E61815A23E85EB80059DEA3 /* Buttons.swift in Sources */,
				4ED8C2DA23F19FEF005938AF /* Implementation.swift in Sources */,
				4EA129BC23F81972007210E8 /* ProposalsLanguagesCoordinator.swift in Sources */,
				4E61816823EB451B0059DEA3 /* Config.swift in Sources */,
				4ED8C2F223F30F33005938AF /* UIColor+Ext.swift in Sources */,
				4ED8C2D723F1965E005938AF /* URL.swift in Sources */,
				4EA129C323F85362007210E8 /* SettingsCoordinator.swift in Sources */,
				4E290FB223DDF28E008A5E15 /* ProposalsRustViewController.swift in Sources */,
				4ED8C2E623F30C56005938AF /* FilterListGenericView.swift in Sources */,
				4E290FC923E15E0E008A5E15 /* HttpClient.swift in Sources */,
				4E61815E23E9B4CA0059DEA3 /* AppCoordinator.swift in Sources */,
				4E290FCE23E15EC9008A5E15 /* RustProposals.swift in Sources */,
				4ED8C2E823F30C99005938AF /* FilterCollectionViewCell.swift in Sources */,
				4E61816E23EB46A70059DEA3 /* Protocols.swift in Sources */,
				4E290F8123DDEF34008A5E15 /* Evolution_iOS.xcdatamodeld in Sources */,
				4ED8C2DC23F1B1DE005938AF /* Reachability.swift in Sources */,
				4EA129D423FAE584007210E8 /* DynamicValue.swift in Sources */,
				4EA129DD23FB1FF6007210E8 /* AboutOpenSourceCoordinator.swift in Sources */,
				4E61818023EC80980059DEA3 /* ProposalsSwiftViewController.swift in Sources */,
				4ED8C2F423F30FFC005938AF /* UIKit+Ext.swift in Sources */,
				4E61815723E8523B0059DEA3 /* UIColor+Extensions.swift in Sources */,
				4EA129BF23F85346007210E8 /* SettingsViewController.swift in Sources */,
				4ED8C2DF23F1B44C005938AF /* NoConnectionViewController.swift in Sources */,
				4ED8C2F823F325B3005938AF /* SwiftProposals+Ext.swift in Sources */,
				4E290FCB23E15E48008A5E15 /* EvoNetworking.swift in Sources */,
				4E61817723EC77270059DEA3 /* ProposalsContainerCoordinator.swift in Sources */,
				4ED8C2EA23F30CD8005938AF /* UICollectionView+Ext.swift in Sources */,
				4E61816B23EB45DD0059DEA3 /* String.swift in Sources */,
				4E61817323EC76800059DEA3 /* ProposalsContainerViewController.swift in Sources */,
				4EA129D723FB1CBF007210E8 /* AboutOpenSourceViewController.swift in Sources */,
				4E61816423E9E5AA0059DEA3 /* ProposalsRustTableViewCell.swift in Sources */,
				4ED8C2F623F31494005938AF /* ProposalListHeaderTableViewCell.swift in Sources */,
				4EA129D923FB1CF4007210E8 /* AboutOpenSourceData.swift in Sources */,
				4ED8C2D123EDFF40005938AF /* ProposalsSwiftTableViewCell.swift in Sources */,
				4E290F7723DDEF34008A5E15 /* AppDelegate.swift in Sources */,
				4ED8C2F023F30E7E005938AF /* FilterHeaderView.swift in Sources */,
				4EA129CC23F96815007210E8 /* Section.swift in Sources */,
				4EA129B923F80D4D007210E8 /* UserDefaultsService.swift in Sources */,
				4E290FC423DF7B0F008A5E15 /* NavDropDown.swift in Sources */,
				4E61817A23EC7C9F0059DEA3 /* Containered.swift in Sources */,
				4ED8C2FA23F32B41005938AF /* Swift+Ext.swift in Sources */,
				4E61816623EB43B20059DEA3 /* SwiftProposals.swift in Sources */,
				4E791DFF23F49C21000A8495 /* ProposalDetailCoordinator.swift in Sources */,
			);
			runOnlyForDeploymentPostprocessing = 0;
		};
		4E290F8823DDEF35008A5E15 /* Sources */ = {
			isa = PBXSourcesBuildPhase;
			buildActionMask = 2147483647;
			files = (
				4E290F9123DDEF35008A5E15 /* Evolution_iOSTests.swift in Sources */,
			);
			runOnlyForDeploymentPostprocessing = 0;
		};
		4E290F9323DDEF35008A5E15 /* Sources */ = {
			isa = PBXSourcesBuildPhase;
			buildActionMask = 2147483647;
			files = (
				4E290F9C23DDEF35008A5E15 /* Evolution_iOSUITests.swift in Sources */,
			);
			runOnlyForDeploymentPostprocessing = 0;
		};
/* End PBXSourcesBuildPhase section */

/* Begin PBXTargetDependency section */
		4E290F8E23DDEF35008A5E15 /* PBXTargetDependency */ = {
			isa = PBXTargetDependency;
			target = 4E290F7223DDEF34008A5E15 /* Evolution-iOS */;
			targetProxy = 4E290F8D23DDEF35008A5E15 /* PBXContainerItemProxy */;
		};
		4E290F9923DDEF35008A5E15 /* PBXTargetDependency */ = {
			isa = PBXTargetDependency;
			target = 4E290F7223DDEF34008A5E15 /* Evolution-iOS */;
			targetProxy = 4E290F9823DDEF35008A5E15 /* PBXContainerItemProxy */;
		};
/* End PBXTargetDependency section */

/* Begin PBXVariantGroup section */
		4E290F8423DDEF34008A5E15 /* LaunchScreen.storyboard */ = {
			isa = PBXVariantGroup;
			children = (
				4E290F8523DDEF34008A5E15 /* Base */,
			);
			name = LaunchScreen.storyboard;
			sourceTree = "<group>";
		};
/* End PBXVariantGroup section */

/* Begin XCBuildConfiguration section */
		4E290F9E23DDEF35008A5E15 /* Debug */ = {
			isa = XCBuildConfiguration;
			buildSettings = {
				ALWAYS_SEARCH_USER_PATHS = NO;
				CLANG_ANALYZER_NONNULL = YES;
				CLANG_ANALYZER_NUMBER_OBJECT_CONVERSION = YES_AGGRESSIVE;
				CLANG_CXX_LANGUAGE_STANDARD = "gnu++14";
				CLANG_CXX_LIBRARY = "libc++";
				CLANG_ENABLE_MODULES = YES;
				CLANG_ENABLE_OBJC_ARC = YES;
				CLANG_ENABLE_OBJC_WEAK = YES;
				CLANG_WARN_BLOCK_CAPTURE_AUTORELEASING = YES;
				CLANG_WARN_BOOL_CONVERSION = YES;
				CLANG_WARN_COMMA = YES;
				CLANG_WARN_CONSTANT_CONVERSION = YES;
				CLANG_WARN_DEPRECATED_OBJC_IMPLEMENTATIONS = YES;
				CLANG_WARN_DIRECT_OBJC_ISA_USAGE = YES_ERROR;
				CLANG_WARN_DOCUMENTATION_COMMENTS = YES;
				CLANG_WARN_EMPTY_BODY = YES;
				CLANG_WARN_ENUM_CONVERSION = YES;
				CLANG_WARN_INFINITE_RECURSION = YES;
				CLANG_WARN_INT_CONVERSION = YES;
				CLANG_WARN_NON_LITERAL_NULL_CONVERSION = YES;
				CLANG_WARN_OBJC_IMPLICIT_RETAIN_SELF = YES;
				CLANG_WARN_OBJC_LITERAL_CONVERSION = YES;
				CLANG_WARN_OBJC_ROOT_CLASS = YES_ERROR;
				CLANG_WARN_RANGE_LOOP_ANALYSIS = YES;
				CLANG_WARN_STRICT_PROTOTYPES = YES;
				CLANG_WARN_SUSPICIOUS_MOVE = YES;
				CLANG_WARN_UNGUARDED_AVAILABILITY = YES_AGGRESSIVE;
				CLANG_WARN_UNREACHABLE_CODE = YES;
				CLANG_WARN__DUPLICATE_METHOD_MATCH = YES;
				COPY_PHASE_STRIP = NO;
				DEBUG_INFORMATION_FORMAT = dwarf;
				ENABLE_STRICT_OBJC_MSGSEND = YES;
				ENABLE_TESTABILITY = YES;
				GCC_C_LANGUAGE_STANDARD = gnu11;
				GCC_DYNAMIC_NO_PIC = NO;
				GCC_NO_COMMON_BLOCKS = YES;
				GCC_OPTIMIZATION_LEVEL = 0;
				GCC_PREPROCESSOR_DEFINITIONS = (
					"DEBUG=1",
					"$(inherited)",
				);
				GCC_WARN_64_TO_32_BIT_CONVERSION = YES;
				GCC_WARN_ABOUT_RETURN_TYPE = YES_ERROR;
				GCC_WARN_UNDECLARED_SELECTOR = YES;
				GCC_WARN_UNINITIALIZED_AUTOS = YES_AGGRESSIVE;
				GCC_WARN_UNUSED_FUNCTION = YES;
				GCC_WARN_UNUSED_VARIABLE = YES;
				IPHONEOS_DEPLOYMENT_TARGET = 13.2;
				MTL_ENABLE_DEBUG_INFO = INCLUDE_SOURCE;
				MTL_FAST_MATH = YES;
				ONLY_ACTIVE_ARCH = YES;
				SDKROOT = iphoneos;
				SWIFT_ACTIVE_COMPILATION_CONDITIONS = DEBUG;
				SWIFT_OPTIMIZATION_LEVEL = "-Onone";
			};
			name = Debug;
		};
		4E290F9F23DDEF35008A5E15 /* Release */ = {
			isa = XCBuildConfiguration;
			buildSettings = {
				ALWAYS_SEARCH_USER_PATHS = NO;
				CLANG_ANALYZER_NONNULL = YES;
				CLANG_ANALYZER_NUMBER_OBJECT_CONVERSION = YES_AGGRESSIVE;
				CLANG_CXX_LANGUAGE_STANDARD = "gnu++14";
				CLANG_CXX_LIBRARY = "libc++";
				CLANG_ENABLE_MODULES = YES;
				CLANG_ENABLE_OBJC_ARC = YES;
				CLANG_ENABLE_OBJC_WEAK = YES;
				CLANG_WARN_BLOCK_CAPTURE_AUTORELEASING = YES;
				CLANG_WARN_BOOL_CONVERSION = YES;
				CLANG_WARN_COMMA = YES;
				CLANG_WARN_CONSTANT_CONVERSION = YES;
				CLANG_WARN_DEPRECATED_OBJC_IMPLEMENTATIONS = YES;
				CLANG_WARN_DIRECT_OBJC_ISA_USAGE = YES_ERROR;
				CLANG_WARN_DOCUMENTATION_COMMENTS = YES;
				CLANG_WARN_EMPTY_BODY = YES;
				CLANG_WARN_ENUM_CONVERSION = YES;
				CLANG_WARN_INFINITE_RECURSION = YES;
				CLANG_WARN_INT_CONVERSION = YES;
				CLANG_WARN_NON_LITERAL_NULL_CONVERSION = YES;
				CLANG_WARN_OBJC_IMPLICIT_RETAIN_SELF = YES;
				CLANG_WARN_OBJC_LITERAL_CONVERSION = YES;
				CLANG_WARN_OBJC_ROOT_CLASS = YES_ERROR;
				CLANG_WARN_RANGE_LOOP_ANALYSIS = YES;
				CLANG_WARN_STRICT_PROTOTYPES = YES;
				CLANG_WARN_SUSPICIOUS_MOVE = YES;
				CLANG_WARN_UNGUARDED_AVAILABILITY = YES_AGGRESSIVE;
				CLANG_WARN_UNREACHABLE_CODE = YES;
				CLANG_WARN__DUPLICATE_METHOD_MATCH = YES;
				COPY_PHASE_STRIP = NO;
				DEBUG_INFORMATION_FORMAT = "dwarf-with-dsym";
				ENABLE_NS_ASSERTIONS = NO;
				ENABLE_STRICT_OBJC_MSGSEND = YES;
				GCC_C_LANGUAGE_STANDARD = gnu11;
				GCC_NO_COMMON_BLOCKS = YES;
				GCC_WARN_64_TO_32_BIT_CONVERSION = YES;
				GCC_WARN_ABOUT_RETURN_TYPE = YES_ERROR;
				GCC_WARN_UNDECLARED_SELECTOR = YES;
				GCC_WARN_UNINITIALIZED_AUTOS = YES_AGGRESSIVE;
				GCC_WARN_UNUSED_FUNCTION = YES;
				GCC_WARN_UNUSED_VARIABLE = YES;
				IPHONEOS_DEPLOYMENT_TARGET = 13.2;
				MTL_ENABLE_DEBUG_INFO = NO;
				MTL_FAST_MATH = YES;
				SDKROOT = iphoneos;
				SWIFT_COMPILATION_MODE = wholemodule;
				SWIFT_OPTIMIZATION_LEVEL = "-O";
				VALIDATE_PRODUCT = YES;
			};
			name = Release;
		};
		4E290FA123DDEF35008A5E15 /* Debug */ = {
			isa = XCBuildConfiguration;
			buildSettings = {
				ASSETCATALOG_COMPILER_APPICON_NAME = AppIcon;
				CODE_SIGN_STYLE = Automatic;
				DEVELOPMENT_TEAM = 75BBTA9VPU;
				FRAMEWORK_SEARCH_PATHS = (
					"$(inherited)",
					"$(PROJECT_DIR)/Frameworks",
					"$(PROJECT_DIR)",
					"$(PROJECT_DIR)/Evolution-iOS",
				);
				INFOPLIST_FILE = "Evolution-iOS/Supporting/Info.plist";
				LD_RUNPATH_SEARCH_PATHS = (
					"$(inherited)",
					"@executable_path/Frameworks",
				);
				PRODUCT_BUNDLE_IDENTIFIER = "com.uuttff8.Evolution-iOS";
				PRODUCT_NAME = "$(TARGET_NAME)";
				SWIFT_VERSION = 5.0;
				TARGETED_DEVICE_FAMILY = "1,2";
			};
			name = Debug;
		};
		4E290FA223DDEF35008A5E15 /* Release */ = {
			isa = XCBuildConfiguration;
			buildSettings = {
				ASSETCATALOG_COMPILER_APPICON_NAME = AppIcon;
				CODE_SIGN_STYLE = Automatic;
				DEVELOPMENT_TEAM = 75BBTA9VPU;
				FRAMEWORK_SEARCH_PATHS = (
					"$(inherited)",
					"$(PROJECT_DIR)/Frameworks",
					"$(PROJECT_DIR)",
					"$(PROJECT_DIR)/Evolution-iOS",
				);
				INFOPLIST_FILE = "Evolution-iOS/Supporting/Info.plist";
				LD_RUNPATH_SEARCH_PATHS = (
					"$(inherited)",
					"@executable_path/Frameworks",
				);
				PRODUCT_BUNDLE_IDENTIFIER = "com.uuttff8.Evolution-iOS";
				PRODUCT_NAME = "$(TARGET_NAME)";
				SWIFT_VERSION = 5.0;
				TARGETED_DEVICE_FAMILY = "1,2";
			};
			name = Release;
		};
		4E290FA423DDEF35008A5E15 /* Debug */ = {
			isa = XCBuildConfiguration;
			buildSettings = {
				ALWAYS_EMBED_SWIFT_STANDARD_LIBRARIES = YES;
				BUNDLE_LOADER = "$(TEST_HOST)";
				CODE_SIGN_STYLE = Automatic;
				DEVELOPMENT_TEAM = 75BBTA9VPU;
				INFOPLIST_FILE = "Evolution-iOSTests/Info.plist";
				IPHONEOS_DEPLOYMENT_TARGET = 13.2;
				LD_RUNPATH_SEARCH_PATHS = (
					"$(inherited)",
					"@executable_path/Frameworks",
					"@loader_path/Frameworks",
				);
				PRODUCT_BUNDLE_IDENTIFIER = "com.uuttff8.Evolution-iOSTests";
				PRODUCT_NAME = "$(TARGET_NAME)";
				SWIFT_VERSION = 5.0;
				TARGETED_DEVICE_FAMILY = "1,2";
				TEST_HOST = "$(BUILT_PRODUCTS_DIR)/Evolution-iOS.app/Evolution-iOS";
			};
			name = Debug;
		};
		4E290FA523DDEF35008A5E15 /* Release */ = {
			isa = XCBuildConfiguration;
			buildSettings = {
				ALWAYS_EMBED_SWIFT_STANDARD_LIBRARIES = YES;
				BUNDLE_LOADER = "$(TEST_HOST)";
				CODE_SIGN_STYLE = Automatic;
				DEVELOPMENT_TEAM = 75BBTA9VPU;
				INFOPLIST_FILE = "Evolution-iOSTests/Info.plist";
				IPHONEOS_DEPLOYMENT_TARGET = 13.2;
				LD_RUNPATH_SEARCH_PATHS = (
					"$(inherited)",
					"@executable_path/Frameworks",
					"@loader_path/Frameworks",
				);
				PRODUCT_BUNDLE_IDENTIFIER = "com.uuttff8.Evolution-iOSTests";
				PRODUCT_NAME = "$(TARGET_NAME)";
				SWIFT_VERSION = 5.0;
				TARGETED_DEVICE_FAMILY = "1,2";
				TEST_HOST = "$(BUILT_PRODUCTS_DIR)/Evolution-iOS.app/Evolution-iOS";
			};
			name = Release;
		};
		4E290FA723DDEF35008A5E15 /* Debug */ = {
			isa = XCBuildConfiguration;
			buildSettings = {
				ALWAYS_EMBED_SWIFT_STANDARD_LIBRARIES = YES;
				CODE_SIGN_STYLE = Automatic;
				DEVELOPMENT_TEAM = 75BBTA9VPU;
				INFOPLIST_FILE = "Evolution-iOSUITests/Info.plist";
				LD_RUNPATH_SEARCH_PATHS = (
					"$(inherited)",
					"@executable_path/Frameworks",
					"@loader_path/Frameworks",
				);
				PRODUCT_BUNDLE_IDENTIFIER = "com.uuttff8.Evolution-iOSUITests";
				PRODUCT_NAME = "$(TARGET_NAME)";
				SWIFT_VERSION = 5.0;
				TARGETED_DEVICE_FAMILY = "1,2";
				TEST_TARGET_NAME = "Evolution-iOS";
			};
			name = Debug;
		};
		4E290FA823DDEF35008A5E15 /* Release */ = {
			isa = XCBuildConfiguration;
			buildSettings = {
				ALWAYS_EMBED_SWIFT_STANDARD_LIBRARIES = YES;
				CODE_SIGN_STYLE = Automatic;
				DEVELOPMENT_TEAM = 75BBTA9VPU;
				INFOPLIST_FILE = "Evolution-iOSUITests/Info.plist";
				LD_RUNPATH_SEARCH_PATHS = (
					"$(inherited)",
					"@executable_path/Frameworks",
					"@loader_path/Frameworks",
				);
				PRODUCT_BUNDLE_IDENTIFIER = "com.uuttff8.Evolution-iOSUITests";
				PRODUCT_NAME = "$(TARGET_NAME)";
				SWIFT_VERSION = 5.0;
				TARGETED_DEVICE_FAMILY = "1,2";
				TEST_TARGET_NAME = "Evolution-iOS";
			};
			name = Release;
		};
/* End XCBuildConfiguration section */

/* Begin XCConfigurationList section */
		4E290F6E23DDEF34008A5E15 /* Build configuration list for PBXProject "Evolution-iOS" */ = {
			isa = XCConfigurationList;
			buildConfigurations = (
				4E290F9E23DDEF35008A5E15 /* Debug */,
				4E290F9F23DDEF35008A5E15 /* Release */,
			);
			defaultConfigurationIsVisible = 0;
			defaultConfigurationName = Release;
		};
		4E290FA023DDEF35008A5E15 /* Build configuration list for PBXNativeTarget "Evolution-iOS" */ = {
			isa = XCConfigurationList;
			buildConfigurations = (
				4E290FA123DDEF35008A5E15 /* Debug */,
				4E290FA223DDEF35008A5E15 /* Release */,
			);
			defaultConfigurationIsVisible = 0;
			defaultConfigurationName = Release;
		};
		4E290FA323DDEF35008A5E15 /* Build configuration list for PBXNativeTarget "Evolution-iOSTests" */ = {
			isa = XCConfigurationList;
			buildConfigurations = (
				4E290FA423DDEF35008A5E15 /* Debug */,
				4E290FA523DDEF35008A5E15 /* Release */,
			);
			defaultConfigurationIsVisible = 0;
			defaultConfigurationName = Release;
		};
		4E290FA623DDEF35008A5E15 /* Build configuration list for PBXNativeTarget "Evolution-iOSUITests" */ = {
			isa = XCConfigurationList;
			buildConfigurations = (
				4E290FA723DDEF35008A5E15 /* Debug */,
				4E290FA823DDEF35008A5E15 /* Release */,
			);
			defaultConfigurationIsVisible = 0;
			defaultConfigurationName = Release;
		};
/* End XCConfigurationList section */

/* Begin XCRemoteSwiftPackageReference section */
		4E791E0823F5C702000A8495 /* XCRemoteSwiftPackageReference "Down" */ = {
			isa = XCRemoteSwiftPackageReference;
			repositoryURL = "https://github.com/iwasrobbed/Down.git";
			requirement = {
				kind = upToNextMajorVersion;
				minimumVersion = 0.9.0;
			};
		};
/* End XCRemoteSwiftPackageReference section */

/* Begin XCSwiftPackageProductDependency section */
		4E791E0923F5C702000A8495 /* Down */ = {
			isa = XCSwiftPackageProductDependency;
			package = 4E791E0823F5C702000A8495 /* XCRemoteSwiftPackageReference "Down" */;
			productName = Down;
		};
		4EA129B523F80830007210E8 /* SwiftRichString */ = {
			isa = XCSwiftPackageProductDependency;
			productName = SwiftRichString;
		};
/* End XCSwiftPackageProductDependency section */

/* Begin XCVersionGroup section */
		4E290F7F23DDEF34008A5E15 /* Evolution_iOS.xcdatamodeld */ = {
			isa = XCVersionGroup;
			children = (
				4E290F8023DDEF34008A5E15 /* Evolution_iOS.xcdatamodel */,
			);
			currentVersion = 4E290F8023DDEF34008A5E15 /* Evolution_iOS.xcdatamodel */;
			path = Evolution_iOS.xcdatamodeld;
			sourceTree = "<group>";
			versionGroupType = wrapper.xcdatamodel;
		};
/* End XCVersionGroup section */
	};
	rootObject = 4E290F6B23DDEF34008A5E15 /* Project object */;
}
