{
  "object": {
    "pins": [
      {
        "package": "SwiftyMarkdown",
        "repositoryURL": "https://github.com/SimonFairbairn/SwiftyMarkdown.git",
        "state": {
          "branch": null,
          "revision": "a06d690000d0877e61cc7632b4b230300acaa5a5",
          "version": "1.1.0"
        }
      }
    ]
  },
  "version": 1
}
